
Microsoft Visual Studio Solution File, Format Version 11.00
# Visual Studio 2010
Project("{FAE04EC0-301F-11D3-BF4B-00C04F79EFBC}") = "self driving car", "Assembly-CSharp.csproj", "{5CCA73FE-625A-436D-6275-3D0934F67256}"
EndProject
Project("{FAE04EC0-301F-11D3-BF4B-00C04F79EFBC}") = "self driving car", "Assembly-CSharp-Editor.csproj", "{B695F9B5-2AF2-E583-6ADE-B5F05A7D3081}"
EndProject
Global
	GlobalSection(SolutionConfigurationPlatforms) = preSolution
		Debug|Any CPU = Debug|Any CPU
		Release|Any CPU = Release|Any CPU
	EndGlobalSection
	GlobalSection(ProjectConfigurationPlatforms) = postSolution
		{5CCA73FE-625A-436D-6275-3D0934F67256}.Debug|Any CPU.ActiveCfg = Debug|Any CPU
		{5CCA73FE-625A-436D-6275-3D0934F67256}.Debug|Any CPU.Build.0 = Debug|Any CPU
		{5CCA73FE-625A-436D-6275-3D0934F67256}.Release|Any CPU.ActiveCfg = Release|Any CPU
		{5CCA73FE-625A-436D-6275-3D0934F67256}.Release|Any CPU.Build.0 = Release|Any CPU
		{B695F9B5-2AF2-E583-6ADE-B5F05A7D3081}.Debug|Any CPU.ActiveCfg = Debug|Any CPU
		{B695F9B5-2AF2-E583-6ADE-B5F05A7D3081}.Debug|Any CPU.Build.0 = Debug|Any CPU
		{B695F9B5-2AF2-E583-6ADE-B5F05A7D3081}.Release|Any CPU.ActiveCfg = Release|Any CPU
		{B695F9B5-2AF2-E583-6ADE-B5F05A7D3081}.Release|Any CPU.Build.0 = Release|Any CPU
	EndGlobalSection
	GlobalSection(SolutionProperties) = preSolution
		HideSolutionNode = FALSE
	EndGlobalSection
	GlobalSection(MonoDevelopProperties) = preSolution
		StartupItem = Assembly-CSharp.csproj
	EndGlobalSection
EndGlobal
